// !$*UTF8*$!
{
	archiveVersion = 1;
	classes = {
	};
	objectVersion = 56;
	objects = {

/* Begin PBXBuildFile section */
		58957BA62A39DC2300314AB7 /* GoogleMobileAds in Frameworks */ = {isa = PBXBuildFile; productRef = 58957BA52A39DC2300314AB7 /* GoogleMobileAds */; };
		58957BA82A39DC8700314AB7 /* RandomTime_AD.swift in Sources */ = {isa = PBXBuildFile; fileRef = 58957BA72A39DC8700314AB7 /* RandomTime_AD.swift */; };
		F78F9C452A42F5C7004F1BC5 /* MainView.swift in Sources */ = {isa = PBXBuildFile; fileRef = F78F9C442A42F5C7004F1BC5 /* MainView.swift */; };
		F78F9C472A431079004F1BC5 /* otificationManager.swift in Sources */ = {isa = PBXBuildFile; fileRef = F78F9C462A431079004F1BC5 /* otificationManager.swift */; };
		F78F9C4B2A614549004F1BC5 /* SettingView.swift in Sources */ = {isa = PBXBuildFile; fileRef = F78F9C4A2A614549004F1BC5 /* SettingView.swift */; };
		F7996C9D2A30A47200D10E60 /* Random_WorldTimeApp.swift in Sources */ = {isa = PBXBuildFile; fileRef = F7996C9C2A30A47200D10E60 /* Random_WorldTimeApp.swift */; };
		F7996C9F2A30A47200D10E60 /* ContentView.swift in Sources */ = {isa = PBXBuildFile; fileRef = F7996C9E2A30A47200D10E60 /* ContentView.swift */; };
		F7996CA12A30A47300D10E60 /* Assets.xcassets in Resources */ = {isa = PBXBuildFile; fileRef = F7996CA02A30A47300D10E60 /* Assets.xcassets */; };
		F7996CA42A30A47300D10E60 /* Preview Assets.xcassets in Resources */ = {isa = PBXBuildFile; fileRef = F7996CA32A30A47300D10E60 /* Preview Assets.xcassets */; };
/* End PBXBuildFile section */

/* Begin PBXFileReference section */
		58957BA32A39DBD200314AB7 /* Random-WorldTime-Info.plist */ = {isa = PBXFileReference; lastKnownFileType = text.plist; path = "Random-WorldTime-Info.plist"; sourceTree = SOURCE_ROOT; };
		58957BA72A39DC8700314AB7 /* RandomTime_AD.swift */ = {isa = PBXFileReference; lastKnownFileType = sourcecode.swift; path = RandomTime_AD.swift; sourceTree = "<group>"; };
		F78F9C442A42F5C7004F1BC5 /* MainView.swift */ = {isa = PBXFileReference; lastKnownFileType = sourcecode.swift; path = MainView.swift; sourceTree = "<group>"; };
		F78F9C462A431079004F1BC5 /* otificationManager.swift */ = {isa = PBXFileReference; lastKnownFileType = sourcecode.swift; path = otificationManager.swift; sourceTree = "<group>"; };
		F78F9C4A2A614549004F1BC5 /* SettingView.swift */ = {isa = PBXFileReference; lastKnownFileType = sourcecode.swift; path = SettingView.swift; sourceTree = "<group>"; };
		F7996C992A30A47200D10E60 /* Random_WorldTime.app */ = {isa = PBXFileReference; explicitFileType = wrapper.application; includeInIndex = 0; path = Random_WorldTime.app; sourceTree = BUILT_PRODUCTS_DIR; };
		F7996C9C2A30A47200D10E60 /* Random_WorldTimeApp.swift */ = {isa = PBXFileReference; lastKnownFileType = sourcecode.swift; path = Random_WorldTimeApp.swift; sourceTree = "<group>"; };
		F7996C9E2A30A47200D10E60 /* ContentView.swift */ = {isa = PBXFileReference; lastKnownFileType = sourcecode.swift; path = ContentView.swift; sourceTree = "<group>"; };
		F7996CA02A30A47300D10E60 /* Assets.xcassets */ = {isa = PBXFileReference; lastKnownFileType = folder.assetcatalog; path = Assets.xcassets; sourceTree = "<group>"; };
		F7996CA32A30A47300D10E60 /* Preview Assets.xcassets */ = {isa = PBXFileReference; lastKnownFileType = folder.assetcatalog; path = "Preview Assets.xcassets"; sourceTree = "<group>"; };
/* End PBXFileReference section */

/* Begin PBXFrameworksBuildPhase section */
		F7996C962A30A47200D10E60 /* Frameworks */ = {
			isa = PBXFrameworksBuildPhase;
			buildActionMask = 2147483647;
			files = (
				58957BA62A39DC2300314AB7 /* GoogleMobileAds in Frameworks */,
			);
			runOnlyForDeploymentPostprocessing = 0;
		};
/* End PBXFrameworksBuildPhase section */

/* Begin PBXGroup section */
		F7996C902A30A47200D10E60 = {
			isa = PBXGroup;
			children = (
				F7996C9B2A30A47200D10E60 /* Random_WorldTime */,
				F7996C9A2A30A47200D10E60 /* Products */,
			);
			sourceTree = "<group>";
		};
		F7996C9A2A30A47200D10E60 /* Products */ = {
			isa = PBXGroup;
			children = (
				F7996C992A30A47200D10E60 /* Random_WorldTime.app */,
			);
			name = Products;
			sourceTree = "<group>";
		};
		F7996C9B2A30A47200D10E60 /* Random_WorldTime */ = {
			isa = PBXGroup;
			children = (
				58957BA32A39DBD200314AB7 /* Random-WorldTime-Info.plist */,
				F7996C9C2A30A47200D10E60 /* Random_WorldTimeApp.swift */,
				F78F9C462A431079004F1BC5 /* otificationManager.swift */,
				F7996C9E2A30A47200D10E60 /* ContentView.swift */,
				F78F9C4A2A614549004F1BC5 /* SettingView.swift */,
				F78F9C442A42F5C7004F1BC5 /* MainView.swift */,
				58957BA72A39DC8700314AB7 /* RandomTime_AD.swift */,
				F7996CA02A30A47300D10E60 /* Assets.xcassets */,
				F7996CA22A30A47300D10E60 /* Preview Content */,
			);
			path = Random_WorldTime;
			sourceTree = "<group>";
		};
		F7996CA22A30A47300D10E60 /* Preview Content */ = {
			isa = PBXGroup;
			children = (
				F7996CA32A30A47300D10E60 /* Preview Assets.xcassets */,
			);
			path = "Preview Content";
			sourceTree = "<group>";
		};
/* End PBXGroup section */

/* Begin PBXNativeTarget section */
		F7996C982A30A47200D10E60 /* Random_WorldTime */ = {
			isa = PBXNativeTarget;
			buildConfigurationList = F7996CA72A30A47300D10E60 /* Build configuration list for PBXNativeTarget "Random_WorldTime" */;
			buildPhases = (
				F7996C952A30A47200D10E60 /* Sources */,
				F7996C962A30A47200D10E60 /* Frameworks */,
				F7996C972A30A47200D10E60 /* Resources */,
			);
			buildRules = (
			);
			dependencies = (
			);
			name = Random_WorldTime;
			packageProductDependencies = (
				58957BA52A39DC2300314AB7 /* GoogleMobileAds */,
			);
			productName = Random_WorldTime;
			productReference = F7996C992A30A47200D10E60 /* Random_WorldTime.app */;
			productType = "com.apple.product-type.application";
		};
/* End PBXNativeTarget section */

/* Begin PBXProject section */
		F7996C912A30A47200D10E60 /* Project object */ = {
			isa = PBXProject;
			attributes = {
				BuildIndependentTargetsInParallel = 1;
				LastSwiftUpdateCheck = 1430;
				LastUpgradeCheck = 1430;
				TargetAttributes = {
					F7996C982A30A47200D10E60 = {
						CreatedOnToolsVersion = 14.3;
					};
				};
			};
			buildConfigurationList = F7996C942A30A47200D10E60 /* Build configuration list for PBXProject "Random_WorldTime" */;
			compatibilityVersion = "Xcode 14.0";
			developmentRegion = en;
			hasScannedForEncodings = 0;
			knownRegions = (
				en,
				Base,
			);
			mainGroup = F7996C902A30A47200D10E60;
			packageReferences = (
				58957BA42A39DC2300314AB7 /* XCRemoteSwiftPackageReference "swift-package-manager-google-mobile-ads" */,
			);
			productRefGroup = F7996C9A2A30A47200D10E60 /* Products */;
			projectDirPath = "";
			projectRoot = "";
			targets = (
				F7996C982A30A47200D10E60 /* Random_WorldTime */,
			);
		};
/* End PBXProject section */

/* Begin PBXResourcesBuildPhase section */
		F7996C972A30A47200D10E60 /* Resources */ = {
			isa = PBXResourcesBuildPhase;
			buildActionMask = 2147483647;
			files = (
				F7996CA42A30A47300D10E60 /* Preview Assets.xcassets in Resources */,
				F7996CA12A30A47300D10E60 /* Assets.xcassets in Resources */,
			);
			runOnlyForDeploymentPostprocessing = 0;
		};
/* End PBXResourcesBuildPhase section */

/* Begin PBXSourcesBuildPhase section */
		F7996C952A30A47200D10E60 /* Sources */ = {
			isa = PBXSourcesBuildPhase;
			buildActionMask = 2147483647;
			files = (
				58957BA82A39DC8700314AB7 /* RandomTime_AD.swift in Sources */,
				F78F9C452A42F5C7004F1BC5 /* MainView.swift in Sources */,
				F7996C9F2A30A47200D10E60 /* ContentView.swift in Sources */,
				F78F9C4B2A614549004F1BC5 /* SettingView.swift in Sources */,
				F78F9C472A431079004F1BC5 /* otificationManager.swift in Sources */,
				F7996C9D2A30A47200D10E60 /* Random_WorldTimeApp.swift in Sources */,
			);
			runOnlyForDeploymentPostprocessing = 0;
		};
/* End PBXSourcesBuildPhase section */

/* Begin XCBuildConfiguration section */
		F7996CA52A30A47300D10E60 /* Debug */ = {
			isa = XCBuildConfiguration;
			buildSettings = {
				ALWAYS_SEARCH_USER_PATHS = NO;
				CLANG_ANALYZER_NONNULL = YES;
				CLANG_ANALYZER_NUMBER_OBJECT_CONVERSION = YES_AGGRESSIVE;
				CLANG_CXX_LANGUAGE_STANDARD = "gnu++20";
				CLANG_ENABLE_MODULES = YES;
				CLANG_ENABLE_OBJC_ARC = YES;
				CLANG_ENABLE_OBJC_WEAK = YES;
				CLANG_WARN_BLOCK_CAPTURE_AUTORELEASING = YES;
				CLANG_WARN_BOOL_CONVERSION = YES;
				CLANG_WARN_COMMA = YES;
				CLANG_WARN_CONSTANT_CONVERSION = YES;
				CLANG_WARN_DEPRECATED_OBJC_IMPLEMENTATIONS = YES;
				CLANG_WARN_DIRECT_OBJC_ISA_USAGE = YES_ERROR;
				CLANG_WARN_DOCUMENTATION_COMMENTS = YES;
				CLANG_WARN_EMPTY_BODY = YES;
				CLANG_WARN_ENUM_CONVERSION = YES;
				CLANG_WARN_INFINITE_RECURSION = YES;
				CLANG_WARN_INT_CONVERSION = YES;
				CLANG_WARN_NON_LITERAL_NULL_CONVERSION = YES;
				CLANG_WARN_OBJC_IMPLICIT_RETAIN_SELF = YES;
				CLANG_WARN_OBJC_LITERAL_CONVERSION = YES;
				CLANG_WARN_OBJC_ROOT_CLASS = YES_ERROR;
				CLANG_WARN_QUOTED_INCLUDE_IN_FRAMEWORK_HEADER = YES;
				CLANG_WARN_RANGE_LOOP_ANALYSIS = YES;
				CLANG_WARN_STRICT_PROTOTYPES = YES;
				CLANG_WARN_SUSPICIOUS_MOVE = YES;
				CLANG_WARN_UNGUARDED_AVAILABILITY = YES_AGGRESSIVE;
				CLANG_WARN_UNREACHABLE_CODE = YES;
				CLANG_WARN__DUPLICATE_METHOD_MATCH = YES;
				COPY_PHASE_STRIP = NO;
				DEBUG_INFORMATION_FORMAT = dwarf;
				ENABLE_STRICT_OBJC_MSGSEND = YES;
				ENABLE_TESTABILITY = YES;
				GCC_C_LANGUAGE_STANDARD = gnu11;
				GCC_DYNAMIC_NO_PIC = NO;
				GCC_NO_COMMON_BLOCKS = YES;
				GCC_OPTIMIZATION_LEVEL = 0;
				GCC_PREPROCESSOR_DEFINITIONS = (
					"DEBUG=1",
					"$(inherited)",
				);
				GCC_WARN_64_TO_32_BIT_CONVERSION = YES;
				GCC_WARN_ABOUT_RETURN_TYPE = YES_ERROR;
				GCC_WARN_UNDECLARED_SELECTOR = YES;
				GCC_WARN_UNINITIALIZED_AUTOS = YES_AGGRESSIVE;
				GCC_WARN_UNUSED_FUNCTION = YES;
				GCC_WARN_UNUSED_VARIABLE = YES;
				IPHONEOS_DEPLOYMENT_TARGET = 16.4;
				MTL_ENABLE_DEBUG_INFO = INCLUDE_SOURCE;
				MTL_FAST_MATH = YES;
				ONLY_ACTIVE_ARCH = YES;
				SDKROOT = iphoneos;
				SWIFT_ACTIVE_COMPILATION_CONDITIONS = DEBUG;
				SWIFT_OPTIMIZATION_LEVEL = "-Onone";
			};
			name = Debug;
		};
		F7996CA62A30A47300D10E60 /* Release */ = {
			isa = XCBuildConfiguration;
			buildSettings = {
				ALWAYS_SEARCH_USER_PATHS = NO;
				CLANG_ANALYZER_NONNULL = YES;
				CLANG_ANALYZER_NUMBER_OBJECT_CONVERSION = YES_AGGRESSIVE;
				CLANG_CXX_LANGUAGE_STANDARD = "gnu++20";
				CLANG_ENABLE_MODULES = YES;
				CLANG_ENABLE_OBJC_ARC = YES;
				CLANG_ENABLE_OBJC_WEAK = YES;
				CLANG_WARN_BLOCK_CAPTURE_AUTORELEASING = YES;
				CLANG_WARN_BOOL_CONVERSION = YES;
				CLANG_WARN_COMMA = YES;
				CLANG_WARN_CONSTANT_CONVERSION = YES;
				CLANG_WARN_DEPRECATED_OBJC_IMPLEMENTATIONS = YES;
				CLANG_WARN_DIRECT_OBJC_ISA_USAGE = YES_ERROR;
				CLANG_WARN_DOCUMENTATION_COMMENTS = YES;
				CLANG_WARN_EMPTY_BODY = YES;
				CLANG_WARN_ENUM_CONVERSION = YES;
				CLANG_WARN_INFINITE_RECURSION = YES;
				CLANG_WARN_INT_CONVERSION = YES;
				CLANG_WARN_NON_LITERAL_NULL_CONVERSION = YES;
				CLANG_WARN_OBJC_IMPLICIT_RETAIN_SELF = YES;
				CLANG_WARN_OBJC_LITERAL_CONVERSION = YES;
				CLANG_WARN_OBJC_ROOT_CLASS = YES_ERROR;
				CLANG_WARN_QUOTED_INCLUDE_IN_FRAMEWORK_HEADER = YES;
				CLANG_WARN_RANGE_LOOP_ANALYSIS = YES;
				CLANG_WARN_STRICT_PROTOTYPES = YES;
				CLANG_WARN_SUSPICIOUS_MOVE = YES;
				CLANG_WARN_UNGUARDED_AVAILABILITY = YES_AGGRESSIVE;
				CLANG_WARN_UNREACHABLE_CODE = YES;
				CLANG_WARN__DUPLICATE_METHOD_MATCH = YES;
				COPY_PHASE_STRIP = NO;
				DEBUG_INFORMATION_FORMAT = "dwarf-with-dsym";
				ENABLE_NS_ASSERTIONS = NO;
				ENABLE_STRICT_OBJC_MSGSEND = YES;
				GCC_C_LANGUAGE_STANDARD = gnu11;
				GCC_NO_COMMON_BLOCKS = YES;
				GCC_WARN_64_TO_32_BIT_CONVERSION = YES;
				GCC_WARN_ABOUT_RETURN_TYPE = YES_ERROR;
				GCC_WARN_UNDECLARED_SELECTOR = YES;
				GCC_WARN_UNINITIALIZED_AUTOS = YES_AGGRESSIVE;
				GCC_WARN_UNUSED_FUNCTION = YES;
				GCC_WARN_UNUSED_VARIABLE = YES;
				IPHONEOS_DEPLOYMENT_TARGET = 16.4;
				MTL_ENABLE_DEBUG_INFO = NO;
				MTL_FAST_MATH = YES;
				SDKROOT = iphoneos;
				SWIFT_COMPILATION_MODE = wholemodule;
				SWIFT_OPTIMIZATION_LEVEL = "-O";
				VALIDATE_PRODUCT = YES;
			};
			name = Release;
		};
		F7996CA82A30A47300D10E60 /* Debug */ = {
			isa = XCBuildConfiguration;
			buildSettings = {
				ASSETCATALOG_COMPILER_APPICON_NAME = AppIcon;
				ASSETCATALOG_COMPILER_GLOBAL_ACCENT_COLOR_NAME = AccentColor;
				CODE_SIGN_STYLE = Automatic;
				CURRENT_PROJECT_VERSION = 1;
				DEVELOPMENT_ASSET_PATHS = "\"Random_WorldTime/Preview Content\"";
				DEVELOPMENT_TEAM = 72232PNF8Y;
				ENABLE_PREVIEWS = YES;
				GENERATE_INFOPLIST_FILE = YES;
				INFOPLIST_FILE = "Random-WorldTime-Info.plist";
				INFOPLIST_KEY_UIApplicationSceneManifest_Generation = YES;
				INFOPLIST_KEY_UIApplicationSupportsIndirectInputEvents = YES;
				INFOPLIST_KEY_UILaunchScreen_Generation = YES;
				INFOPLIST_KEY_UISupportedInterfaceOrientations_iPad = "UIInterfaceOrientationPortrait UIInterfaceOrientationPortraitUpsideDown UIInterfaceOrientationLandscapeLeft UIInterfaceOrientationLandscapeRight";
				INFOPLIST_KEY_UISupportedInterfaceOrientations_iPhone = "UIInterfaceOrientationPortrait UIInterfaceOrientationLandscapeLeft UIInterfaceOrientationLandscapeRight";
				IPHONEOS_DEPLOYMENT_TARGET = 16.3;
				LD_RUNPATH_SEARCH_PATHS = (
					"$(inherited)",
					"@executable_path/Frameworks",
				);
				MARKETING_VERSION = 1.0;
				OTHER_LDFLAGS = "-ObjC";
				PRODUCT_BUNDLE_IDENTIFIER = "com.Random-WorldTime";
				PRODUCT_NAME = "$(TARGET_NAME)";
				SWIFT_EMIT_LOC_STRINGS = YES;
				SWIFT_VERSION = 5.0;
				TARGETED_DEVICE_FAMILY = "1,2";
			};
			name = Debug;
		};
		F7996CA92A30A47300D10E60 /* Release */ = {
			isa = XCBuildConfiguration;
			buildSettings = {
				ASSETCATALOG_COMPILER_APPICON_NAME = AppIcon;
				ASSETCATALOG_COMPILER_GLOBAL_ACCENT_COLOR_NAME = AccentColor;
				CODE_SIGN_STYLE = Automatic;
				CURRENT_PROJECT_VERSION = 1;
				DEVELOPMENT_ASSET_PATHS = "\"Random_WorldTime/Preview Content\"";
				DEVELOPMENT_TEAM = 72232PNF8Y;
				ENABLE_PREVIEWS = YES;
				GENERATE_INFOPLIST_FILE = YES;
				INFOPLIST_FILE = "Random-WorldTime-Info.plist";
				INFOPLIST_KEY_UIApplicationSceneManifest_Generation = YES;
				INFOPLIST_KEY_UIApplicationSupportsIndirectInputEvents = YES;
				INFOPLIST_KEY_UILaunchScreen_Generation = YES;
				INFOPLIST_KEY_UISupportedInterfaceOrientations_iPad = "UIInterfaceOrientationPortrait UIInterfaceOrientationPortraitUpsideDown UIInterfaceOrientationLandscapeLeft UIInterfaceOrientationLandscapeRight";
				INFOPLIST_KEY_UISupportedInterfaceOrientations_iPhone = "UIInterfaceOrientationPortrait UIInterfaceOrientationLandscapeLeft UIInterfaceOrientationLandscapeRight";
				IPHONEOS_DEPLOYMENT_TARGET = 16.3;
				LD_RUNPATH_SEARCH_PATHS = (
					"$(inherited)",
					"@executable_path/Frameworks",
				);
				MARKETING_VERSION = 1.0;
				OTHER_LDFLAGS = "-ObjC";
				PRODUCT_BUNDLE_IDENTIFIER = "com.Random-WorldTime";
				PRODUCT_NAME = "$(TARGET_NAME)";
				SWIFT_EMIT_LOC_STRINGS = YES;
				SWIFT_VERSION = 5.0;
				TARGETED_DEVICE_FAMILY = "1,2";
			};
			name = Release;
		};
/* End XCBuildConfiguration section */

/* Begin XCConfigurationList section */
		F7996C942A30A47200D10E60 /* Build configuration list for PBXProject "Random_WorldTime" */ = {
			isa = XCConfigurationList;
			buildConfigurations = (
				F7996CA52A30A47300D10E60 /* Debug */,
				F7996CA62A30A47300D10E60 /* Release */,
			);
			defaultConfigurationIsVisible = 0;
			defaultConfigurationName = Release;
		};
		F7996CA72A30A47300D10E60 /* Build configuration list for PBXNativeTarget "Random_WorldTime" */ = {
			isa = XCConfigurationList;
			buildConfigurations = (
				F7996CA82A30A47300D10E60 /* Debug */,
				F7996CA92A30A47300D10E60 /* Release */,
			);
			defaultConfigurationIsVisible = 0;
			defaultConfigurationName = Release;
		};
/* End XCConfigurationList section */

/* Begin XCRemoteSwiftPackageReference section */
		58957BA42A39DC2300314AB7 /* XCRemoteSwiftPackageReference "swift-package-manager-google-mobile-ads" */ = {
			isa = XCRemoteSwiftPackageReference;
			repositoryURL = "https://github.com/googleads/swift-package-manager-google-mobile-ads.git";
			requirement = {
				kind = upToNextMajorVersion;
				minimumVersion = 10.0.0;
			};
		};
/* End XCRemoteSwiftPackageReference section */

/* Begin XCSwiftPackageProductDependency section */
		58957BA52A39DC2300314AB7 /* GoogleMobileAds */ = {
			isa = XCSwiftPackageProductDependency;
			package = 58957BA42A39DC2300314AB7 /* XCRemoteSwiftPackageReference "swift-package-manager-google-mobile-ads" */;
			productName = GoogleMobileAds;
		};
/* End XCSwiftPackageProductDependency section */
	};
	rootObject = F7996C912A30A47200D10E60 /* Project object */;
}
